
Microsoft Visual Studio Solution File, Format Version 12.00
# Visual Studio 15
VisualStudioVersion = 15.0.27130.2010
MinimumVisualStudioVersion = 10.0.40219.1
Project("{FAE04EC0-301F-11D3-BF4B-00C04F79EFBC}") = "custom-properties-editor", "custom-properties\Editor\custom-properties-editor.csproj", "{D02C3F97-9CD5-4C09-B2F7-B7E5E19204E2}"
EndProject
Project("{FAE04EC0-301F-11D3-BF4B-00C04F79EFBC}") = "custom-properties-runtime", "custom-properties\Runtime\custom-properties-runtime.csproj", "{EF0F224E-1978-4E73-BDB2-F92F0918AAB7}"
EndProject
Project("{2150E333-8FDC-42A3-9474-1A3956D46DE8}") = "Solution Items", "Solution Items", "{65ED9657-976B-4FBE-9612-FFB945869394}"
	ProjectSection(SolutionItems) = preProject
		cake.config = cake.config
	EndProjectSection
EndProject
Project("{2150E333-8FDC-42A3-9474-1A3956D46DE8}") = "custom-properties", "custom-properties", "{04188D49-3D1C-4E73-9A47-05F8C0964DB2}"
EndProject
Project("{2150E333-8FDC-42A3-9474-1A3956D46DE8}") = "custom-editors", "custom-editors", "{61520FC8-64D5-46AD-8E92-B9C0F6C55CF5}"
EndProject
Project("{FAE04EC0-301F-11D3-BF4B-00C04F79EFBC}") = "enhanced-editor", "custom-editors\Editor\enhanced-editor.csproj", "{A318A209-F9EC-4717-8759-6053E93624B8}"
EndProject
Project("{FAE04EC0-301F-11D3-BF4B-00C04F79EFBC}") = "transform-editor", "transform-editor\transform-editor.csproj", "{CA8CB501-8EF2-45F7-A55B-15AE801ECA6E}"
EndProject
Project("{FAE04EC0-301F-11D3-BF4B-00C04F79EFBC}") = "easy-pool", "easy-pool\easy-pool\easy-pool.csproj", "{C27548CF-2091-492F-9BCD-538BA72DFDFA}"
EndProject
Project("{FAE04EC0-301F-11D3-BF4B-00C04F79EFBC}") = "SerializableDataStructures", "serializable-data-structures\SerializableDataStructures\SerializableDataStructures.csproj", "{BF942690-0BF7-4DBF-A604-2787A281C43C}"
EndProject
Global
	GlobalSection(SolutionConfigurationPlatforms) = preSolution
		Debug|Any CPU = Debug|Any CPU
		Release|Any CPU = Release|Any CPU
	EndGlobalSection
	GlobalSection(ProjectConfigurationPlatforms) = postSolution
		{D02C3F97-9CD5-4C09-B2F7-B7E5E19204E2}.Debug|Any CPU.ActiveCfg = Debug|Any CPU
		{D02C3F97-9CD5-4C09-B2F7-B7E5E19204E2}.Debug|Any CPU.Build.0 = Debug|Any CPU
		{D02C3F97-9CD5-4C09-B2F7-B7E5E19204E2}.Release|Any CPU.ActiveCfg = Release|Any CPU
		{D02C3F97-9CD5-4C09-B2F7-B7E5E19204E2}.Release|Any CPU.Build.0 = Release|Any CPU
		{EF0F224E-1978-4E73-BDB2-F92F0918AAB7}.Debug|Any CPU.ActiveCfg = Debug|Any CPU
		{EF0F224E-1978-4E73-BDB2-F92F0918AAB7}.Debug|Any CPU.Build.0 = Debug|Any CPU
		{EF0F224E-1978-4E73-BDB2-F92F0918AAB7}.Release|Any CPU.ActiveCfg = Release|Any CPU
		{EF0F224E-1978-4E73-BDB2-F92F0918AAB7}.Release|Any CPU.Build.0 = Release|Any CPU
		{A318A209-F9EC-4717-8759-6053E93624B8}.Debug|Any CPU.ActiveCfg = Debug|Any CPU
		{A318A209-F9EC-4717-8759-6053E93624B8}.Debug|Any CPU.Build.0 = Debug|Any CPU
		{A318A209-F9EC-4717-8759-6053E93624B8}.Release|Any CPU.ActiveCfg = Release|Any CPU
		{A318A209-F9EC-4717-8759-6053E93624B8}.Release|Any CPU.Build.0 = Release|Any CPU
		{CA8CB501-8EF2-45F7-A55B-15AE801ECA6E}.Debug|Any CPU.ActiveCfg = Debug|Any CPU
		{CA8CB501-8EF2-45F7-A55B-15AE801ECA6E}.Debug|Any CPU.Build.0 = Debug|Any CPU
		{CA8CB501-8EF2-45F7-A55B-15AE801ECA6E}.Release|Any CPU.ActiveCfg = Release|Any CPU
		{CA8CB501-8EF2-45F7-A55B-15AE801ECA6E}.Release|Any CPU.Build.0 = Release|Any CPU
		{C27548CF-2091-492F-9BCD-538BA72DFDFA}.Debug|Any CPU.ActiveCfg = Debug|Any CPU
		{C27548CF-2091-492F-9BCD-538BA72DFDFA}.Debug|Any CPU.Build.0 = Debug|Any CPU
		{C27548CF-2091-492F-9BCD-538BA72DFDFA}.Release|Any CPU.ActiveCfg = Release|Any CPU
		{C27548CF-2091-492F-9BCD-538BA72DFDFA}.Release|Any CPU.Build.0 = Release|Any CPU
		{BF942690-0BF7-4DBF-A604-2787A281C43C}.Debug|Any CPU.ActiveCfg = Debug|Any CPU
		{BF942690-0BF7-4DBF-A604-2787A281C43C}.Debug|Any CPU.Build.0 = Debug|Any CPU
		{BF942690-0BF7-4DBF-A604-2787A281C43C}.Release|Any CPU.ActiveCfg = Release|Any CPU
		{BF942690-0BF7-4DBF-A604-2787A281C43C}.Release|Any CPU.Build.0 = Release|Any CPU
	EndGlobalSection
	GlobalSection(SolutionProperties) = preSolution
		HideSolutionNode = FALSE
	EndGlobalSection
	GlobalSection(NestedProjects) = preSolution
		{D02C3F97-9CD5-4C09-B2F7-B7E5E19204E2} = {04188D49-3D1C-4E73-9A47-05F8C0964DB2}
		{EF0F224E-1978-4E73-BDB2-F92F0918AAB7} = {04188D49-3D1C-4E73-9A47-05F8C0964DB2}
		{A318A209-F9EC-4717-8759-6053E93624B8} = {61520FC8-64D5-46AD-8E92-B9C0F6C55CF5}
		{CA8CB501-8EF2-45F7-A55B-15AE801ECA6E} = {61520FC8-64D5-46AD-8E92-B9C0F6C55CF5}
	EndGlobalSection
	GlobalSection(ExtensibilityGlobals) = postSolution
		SolutionGuid = {69AEA836-868F-4761-A578-BAA44CE0F4CE}
	EndGlobalSection
EndGlobal
